
Microsoft Visual Studio Solution File, Format Version 12.00
# Visual Studio Version 16
VisualStudioVersion = 16.0.30907.101
MinimumVisualStudioVersion = 10.0.40219.1
Project("{9A19103F-16F7-4668-BE54-9A1E7A4F7556}") = "TestGame", "TestGame\TestGame.csproj", "{2ECC30CF-8071-4ADE-BD02-07E6A0224099}"
EndProject
Project("{9A19103F-16F7-4668-BE54-9A1E7A4F7556}") = "Engine", "Engine\Engine.csproj", "{710E749F-4F20-40C7-9D89-C2CC02EAE268}"
EndProject
Project("{FAE04EC0-301F-11D3-BF4B-00C04F79EFBC}") = "GameOfLife", "GameOfLife\GameOfLife.csproj", "{D4472B2D-CBD8-402F-98E3-B03E9865334B}"
EndProject
Global
	GlobalSection(SolutionConfigurationPlatforms) = preSolution
		Debug|Any CPU = Debug|Any CPU
		Release|Any CPU = Release|Any CPU
	EndGlobalSection
	GlobalSection(ProjectConfigurationPlatforms) = postSolution
		{2ECC30CF-8071-4ADE-BD02-07E6A0224099}.Debug|Any CPU.ActiveCfg = Debug|Any CPU
		{2ECC30CF-8071-4ADE-BD02-07E6A0224099}.Debug|Any CPU.Build.0 = Debug|Any CPU
		{2ECC30CF-8071-4ADE-BD02-07E6A0224099}.Release|Any CPU.ActiveCfg = Release|Any CPU
		{2ECC30CF-8071-4ADE-BD02-07E6A0224099}.Release|Any CPU.Build.0 = Release|Any CPU
		{710E749F-4F20-40C7-9D89-C2CC02EAE268}.Debug|Any CPU.ActiveCfg = Debug|Any CPU
		{710E749F-4F20-40C7-9D89-C2CC02EAE268}.Debug|Any CPU.Build.0 = Debug|Any CPU
		{710E749F-4F20-40C7-9D89-C2CC02EAE268}.Release|Any CPU.ActiveCfg = Release|Any CPU
		{710E749F-4F20-40C7-9D89-C2CC02EAE268}.Release|Any CPU.Build.0 = Release|Any CPU
		{D4472B2D-CBD8-402F-98E3-B03E9865334B}.Debug|Any CPU.ActiveCfg = Debug|Any CPU
		{D4472B2D-CBD8-402F-98E3-B03E9865334B}.Debug|Any CPU.Build.0 = Debug|Any CPU
		{D4472B2D-CBD8-402F-98E3-B03E9865334B}.Release|Any CPU.ActiveCfg = Release|Any CPU
		{D4472B2D-CBD8-402F-98E3-B03E9865334B}.Release|Any CPU.Build.0 = Release|Any CPU
	EndGlobalSection
	GlobalSection(SolutionProperties) = preSolution
		HideSolutionNode = FALSE
	EndGlobalSection
	GlobalSection(ExtensibilityGlobals) = postSolution
		SolutionGuid = {78A91463-A1ED-48AE-AE0A-CFFF3149D066}
	EndGlobalSection
EndGlobal
